
Microsoft Visual Studio Solution File, Format Version 12.00
# Visual Studio Version 17
VisualStudioVersion = 17.8.34525.116
MinimumVisualStudioVersion = 10.0.40219.1
Project("{FAE04EC0-301F-11D3-BF4B-00C04F79EFBC}") = "ColorMaker", "ColorMaker\ColorMaker.csproj", "{ACA61F1E-3081-499D-B2AD-0F188423D50A}"
EndProject
Global
	GlobalSection(SolutionConfigurationPlatforms) = preSolution
		Debug|Any CPU = Debug|Any CPU
		Release|Any CPU = Release|Any CPU
	EndGlobalSection
	GlobalSection(ProjectConfigurationPlatforms) = postSolution
		{ACA61F1E-3081-499D-B2AD-0F188423D50A}.Debug|Any CPU.ActiveCfg = Debug|Any CPU
		{ACA61F1E-3081-499D-B2AD-0F188423D50A}.Debug|Any CPU.Build.0 = Debug|Any CPU
		{ACA61F1E-3081-499D-B2AD-0F188423D50A}.Debug|Any CPU.Deploy.0 = Debug|Any CPU
		{ACA61F1E-3081-499D-B2AD-0F188423D50A}.Release|Any CPU.ActiveCfg = Release|Any CPU
		{ACA61F1E-3081-499D-B2AD-0F188423D50A}.Release|Any CPU.Build.0 = Release|Any CPU
		{ACA61F1E-3081-499D-B2AD-0F188423D50A}.Release|Any CPU.Deploy.0 = Release|Any CPU
	EndGlobalSection
	GlobalSection(SolutionProperties) = preSolution
		HideSolutionNode = FALSE
	EndGlobalSection
	GlobalSection(ExtensibilityGlobals) = postSolution
		SolutionGuid = {2CFCF110-1F24-428E-A451-DF83525B013C}
	EndGlobalSection
EndGlobal
